
Microsoft Visual Studio Solution File, Format Version 11.00
# Visual C++ Express 2010
Project("{8BC9CEB8-8B4A-11D0-8D11-00A0C91BC942}") = "roshambo", "roshambo.vcxproj", "{57C689DE-6E40-741C-FF30-99F8E8A7D07E}"
EndProject
Global
	GlobalSection(SolutionConfigurationPlatforms) = preSolution
		Debug|Win32 = Debug|Win32
		Release|Win32 = Release|Win32
	EndGlobalSection
	GlobalSection(ProjectConfigurationPlatforms) = postSolution
		{57C689DE-6E40-741C-FF30-99F8E8A7D07E}.Debug|Win32.ActiveCfg = Debug|Win32
		{57C689DE-6E40-741C-FF30-99F8E8A7D07E}.Debug|Win32.Build.0 = Debug|Win32
		{57C689DE-6E40-741C-FF30-99F8E8A7D07E}.Release|Win32.ActiveCfg = Release|Win32
		{57C689DE-6E40-741C-FF30-99F8E8A7D07E}.Release|Win32.Build.0 = Release|Win32
	EndGlobalSection
	GlobalSection(SolutionProperties) = preSolution
		HideSolutionNode = FALSE
	EndGlobalSection
EndGlobal
